Microsoft Visual Studio Solution File, Format Version 12.00
# Visual Studio Version 17
VisualStudioVersion = 17.5.2.0
MinimumVisualStudioVersion = 10.0.40219.1
Project("{FAE04EC0-301F-11D3-BF4B-00C04F79EFBC}") = "Training-github-terraform", "Training-github-terraform.csproj", "{CB028D45-A11C-2F72-5223-EAC5DF7AA82D}"
EndProject
Global
	GlobalSection(SolutionConfigurationPlatforms) = preSolution
		Debug|Any CPU = Debug|Any CPU
		Release|Any CPU = Release|Any CPU
	EndGlobalSection
	GlobalSection(ProjectConfigurationPlatforms) = postSolution
		{CB028D45-A11C-2F72-5223-EAC5DF7AA82D}.Debug|Any CPU.ActiveCfg = Debug|Any CPU
		{CB028D45-A11C-2F72-5223-EAC5DF7AA82D}.Debug|Any CPU.Build.0 = Debug|Any CPU
		{CB028D45-A11C-2F72-5223-EAC5DF7AA82D}.Release|Any CPU.ActiveCfg = Release|Any CPU
		{CB028D45-A11C-2F72-5223-EAC5DF7AA82D}.Release|Any CPU.Build.0 = Release|Any CPU
	EndGlobalSection
	GlobalSection(SolutionProperties) = preSolution
		HideSolutionNode = FALSE
	EndGlobalSection
	GlobalSection(ExtensibilityGlobals) = postSolution
		SolutionGuid = {A768AC28-4007-46D8-B01E-F5505D8F76B3}
	EndGlobalSection
EndGlobal
